
Microsoft Visual Studio Solution File, Format Version 12.00
# Visual Studio 14
VisualStudioVersion = 14.0.25420.1
MinimumVisualStudioVersion = 10.0.40219.1
Project("{2150E333-8FDC-42A3-9474-1A3956D46DE8}") = "src", "src", "{9392361D-64E0-4CF0-BDB0-87F4588B81FD}"
EndProject
Project("{2150E333-8FDC-42A3-9474-1A3956D46DE8}") = "Solution Items", "Solution Items", "{00D96561-F2C9-4D4C-9287-0DF9C14DA7D6}"
	ProjectSection(SolutionItems) = preProject
		global.json = global.json
	EndProjectSection
EndProject
Project("{8BB2217D-0F2D-49D1-97BC-3654ED321F3B}") = "BeerhallEF", "src\BeerhallEF\BeerhallEF.xproj", "{B4359CA3-CB06-4C43-8F0F-F1D21E369086}"
EndProject
Global
	GlobalSection(SolutionConfigurationPlatforms) = preSolution
		Debug|Any CPU = Debug|Any CPU
		Release|Any CPU = Release|Any CPU
	EndGlobalSection
	GlobalSection(ProjectConfigurationPlatforms) = postSolution
		{B4359CA3-CB06-4C43-8F0F-F1D21E369086}.Debug|Any CPU.ActiveCfg = Debug|Any CPU
		{B4359CA3-CB06-4C43-8F0F-F1D21E369086}.Debug|Any CPU.Build.0 = Debug|Any CPU
		{B4359CA3-CB06-4C43-8F0F-F1D21E369086}.Release|Any CPU.ActiveCfg = Release|Any CPU
		{B4359CA3-CB06-4C43-8F0F-F1D21E369086}.Release|Any CPU.Build.0 = Release|Any CPU
	EndGlobalSection
	GlobalSection(SolutionProperties) = preSolution
		HideSolutionNode = FALSE
	EndGlobalSection
	GlobalSection(NestedProjects) = preSolution
		{B4359CA3-CB06-4C43-8F0F-F1D21E369086} = {9392361D-64E0-4CF0-BDB0-87F4588B81FD}
	EndGlobalSection
EndGlobal
